{
  "lockfileVersion": 1,
  "workspaces": {
    "": {
      "name": "typescript-bun-template",
      "devDependencies": {
        "@biomejs/biome": "^2.3.8",
        "@types/bun": "^1.3.3",
        "@types/node": "^24.10.1",
        "knip": "^5.71.0",
        "syncpack": "^14.0.0-alpha.32",
        "typescript": "^5.9.3",
      },
    },
  },
  "packages": {
    "@biomejs/biome": ["@biomejs/biome@2.3.8", "", { "optionalDependencies": { "@biomejs/cli-darwin-arm64": "2.3.8", "@biomejs/cli-darwin-x64": "2.3.8", "@biomejs/cli-linux-arm64": "2.3.8", "@biomejs/cli-linux-arm64-musl": "2.3.8", "@biomejs/cli-linux-x64": "2.3.8", "@biomejs/cli-linux-x64-musl": "2.3.8", "@biomejs/cli-win32-arm64": "2.3.8", "@biomejs/cli-win32-x64": "2.3.8" }, "bin": { "biome": "bin/biome" } }, "sha512-Qjsgoe6FEBxWAUzwFGFrB+1+M8y/y5kwmg5CHac+GSVOdmOIqsAiXM5QMVGZJ1eCUCLlPZtq4aFAQ0eawEUuUA=="],

    "@biomejs/cli-darwin-arm64": ["@biomejs/cli-darwin-arm64@2.3.8", "", { "os": "darwin", "cpu": "arm64" }, "sha512-HM4Zg9CGQ3txTPflxD19n8MFPrmUAjaC7PQdLkugeeC0cQ+PiVrd7i09gaBS/11QKsTDBJhVg85CEIK9f50Qww=="],

    "@biomejs/cli-darwin-x64": ["@biomejs/cli-darwin-x64@2.3.8", "", { "os": "darwin", "cpu": "x64" }, "sha512-lUDQ03D7y/qEao7RgdjWVGCu+BLYadhKTm40HkpJIi6kn8LSv5PAwRlew/DmwP4YZ9ke9XXoTIQDO1vAnbRZlA=="],

    "@biomejs/cli-linux-arm64": ["@biomejs/cli-linux-arm64@2.3.8", "", { "os": "linux", "cpu": "arm64" }, "sha512-Uo1OJnIkJgSgF+USx970fsM/drtPcQ39I+JO+Fjsaa9ZdCN1oysQmy6oAGbyESlouz+rzEckLTF6DS7cWse95g=="],

    "@biomejs/cli-linux-arm64-musl": ["@biomejs/cli-linux-arm64-musl@2.3.8", "", { "os": "linux", "cpu": "arm64" }, "sha512-PShR4mM0sjksUMyxbyPNMxoKFPVF48fU8Qe8Sfx6w6F42verbwRLbz+QiKNiDPRJwUoMG1nPM50OBL3aOnTevA=="],

    "@biomejs/cli-linux-x64": ["@biomejs/cli-linux-x64@2.3.8", "", { "os": "linux", "cpu": "x64" }, "sha512-QDPMD5bQz6qOVb3kiBui0zKZXASLo0NIQ9JVJio5RveBEFgDgsvJFUvZIbMbUZT3T00M/1wdzwWXk4GIh0KaAw=="],

    "@biomejs/cli-linux-x64-musl": ["@biomejs/cli-linux-x64-musl@2.3.8", "", { "os": "linux", "cpu": "x64" }, "sha512-YGLkqU91r1276uwSjiUD/xaVikdxgV1QpsicT0bIA1TaieM6E5ibMZeSyjQ/izBn4tKQthUSsVZacmoJfa3pDA=="],

    "@biomejs/cli-win32-arm64": ["@biomejs/cli-win32-arm64@2.3.8", "", { "os": "win32", "cpu": "arm64" }, "sha512-H4IoCHvL1fXKDrTALeTKMiE7GGWFAraDwBYFquE/L/5r1927Te0mYIGseXi4F+lrrwhSWbSGt5qPFswNoBaCxg=="],

    "@biomejs/cli-win32-x64": ["@biomejs/cli-win32-x64@2.3.8", "", { "os": "win32", "cpu": "x64" }, "sha512-RguzimPoZWtBapfKhKjcWXBVI91tiSprqdBYu7tWhgN8pKRZhw24rFeNZTNf6UiBfjCYCi9eFQs/JzJZIhuK4w=="],

    "@emnapi/core": ["@emnapi/core@1.7.1", "", { "dependencies": { "@emnapi/wasi-threads": "1.1.0", "tslib": "^2.4.0" } }, "sha512-o1uhUASyo921r2XtHYOHy7gdkGLge8ghBEQHMWmyJFoXlpU58kIrhhN3w26lpQb6dspetweapMn2CSNwQ8I4wg=="],

    "@emnapi/runtime": ["@emnapi/runtime@1.7.1", "", { "dependencies": { "tslib": "^2.4.0" } }, "sha512-PVtJr5CmLwYAU9PZDMITZoR5iAOShYREoR45EyyLrbntV50mdePTgUn4AmOw90Ifcj+x2kRjdzr1HP3RrNiHGA=="],

    "@emnapi/wasi-threads": ["@emnapi/wasi-threads@1.1.0", "", { "dependencies": { "tslib": "^2.4.0" } }, "sha512-WI0DdZ8xFSbgMjR1sFsKABJ/C5OnRrjT06JXbZKexJGrDuPTzZdDYfFlsgcCXCyf+suG5QU2e/y1Wo2V/OapLQ=="],

    "@esbuild/aix-ppc64": ["@esbuild/aix-ppc64@0.27.1", "", { "os": "aix", "cpu": "ppc64" }, "sha512-HHB50pdsBX6k47S4u5g/CaLjqS3qwaOVE5ILsq64jyzgMhLuCuZ8rGzM9yhsAjfjkbgUPMzZEPa7DAp7yz6vuA=="],

    "@esbuild/android-arm": ["@esbuild/android-arm@0.27.1", "", { "os": "android", "cpu": "arm" }, "sha512-kFqa6/UcaTbGm/NncN9kzVOODjhZW8e+FRdSeypWe6j33gzclHtwlANs26JrupOntlcWmB0u8+8HZo8s7thHvg=="],

    "@esbuild/android-arm64": ["@esbuild/android-arm64@0.27.1", "", { "os": "android", "cpu": "arm64" }, "sha512-45fuKmAJpxnQWixOGCrS+ro4Uvb4Re9+UTieUY2f8AEc+t7d4AaZ6eUJ3Hva7dtrxAAWHtlEFsXFMAgNnGU9uQ=="],

    "@esbuild/android-x64": ["@esbuild/android-x64@0.27.1", "", { "os": "android", "cpu": "x64" }, "sha512-LBEpOz0BsgMEeHgenf5aqmn/lLNTFXVfoWMUox8CtWWYK9X4jmQzWjoGoNb8lmAYml/tQ/Ysvm8q7szu7BoxRQ=="],

    "@esbuild/darwin-arm64": ["@esbuild/darwin-arm64@0.27.1", "", { "os": "darwin", "cpu": "arm64" }, "sha512-veg7fL8eMSCVKL7IW4pxb54QERtedFDfY/ASrumK/SbFsXnRazxY4YykN/THYqFnFwJ0aVjiUrVG2PwcdAEqQQ=="],

    "@esbuild/darwin-x64": ["@esbuild/darwin-x64@0.27.1", "", { "os": "darwin", "cpu": "x64" }, "sha512-+3ELd+nTzhfWb07Vol7EZ+5PTbJ/u74nC6iv4/lwIU99Ip5uuY6QoIf0Hn4m2HoV0qcnRivN3KSqc+FyCHjoVQ=="],

    "@esbuild/freebsd-arm64": ["@esbuild/freebsd-arm64@0.27.1", "", { "os": "freebsd", "cpu": "arm64" }, "sha512-/8Rfgns4XD9XOSXlzUDepG8PX+AVWHliYlUkFI3K3GB6tqbdjYqdhcb4BKRd7C0BhZSoaCxhv8kTcBrcZWP+xg=="],

    "@esbuild/freebsd-x64": ["@esbuild/freebsd-x64@0.27.1", "", { "os": "freebsd", "cpu": "x64" }, "sha512-GITpD8dK9C+r+5yRT/UKVT36h/DQLOHdwGVwwoHidlnA168oD3uxA878XloXebK4Ul3gDBBIvEdL7go9gCUFzQ=="],

    "@esbuild/linux-arm": ["@esbuild/linux-arm@0.27.1", "", { "os": "linux", "cpu": "arm" }, "sha512-ieMID0JRZY/ZeCrsFQ3Y3NlHNCqIhTprJfDgSB3/lv5jJZ8FX3hqPyXWhe+gvS5ARMBJ242PM+VNz/ctNj//eA=="],

    "@esbuild/linux-arm64": ["@esbuild/linux-arm64@0.27.1", "", { "os": "linux", "cpu": "arm64" }, "sha512-W9//kCrh/6in9rWIBdKaMtuTTzNj6jSeG/haWBADqLLa9P8O5YSRDzgD5y9QBok4AYlzS6ARHifAb75V6G670Q=="],

    "@esbuild/linux-ia32": ["@esbuild/linux-ia32@0.27.1", "", { "os": "linux", "cpu": "ia32" }, "sha512-VIUV4z8GD8rtSVMfAj1aXFahsi/+tcoXXNYmXgzISL+KB381vbSTNdeZHHHIYqFyXcoEhu9n5cT+05tRv13rlw=="],

    "@esbuild/linux-loong64": ["@esbuild/linux-loong64@0.27.1", "", { "os": "linux", "cpu": "none" }, "sha512-l4rfiiJRN7sTNI//ff65zJ9z8U+k6zcCg0LALU5iEWzY+a1mVZ8iWC1k5EsNKThZ7XCQ6YWtsZ8EWYm7r1UEsg=="],

    "@esbuild/linux-mips64el": ["@esbuild/linux-mips64el@0.27.1", "", { "os": "linux", "cpu": "none" }, "sha512-U0bEuAOLvO/DWFdygTHWY8C067FXz+UbzKgxYhXC0fDieFa0kDIra1FAhsAARRJbvEyso8aAqvPdNxzWuStBnA=="],

    "@esbuild/linux-ppc64": ["@esbuild/linux-ppc64@0.27.1", "", { "os": "linux", "cpu": "ppc64" }, "sha512-NzdQ/Xwu6vPSf/GkdmRNsOfIeSGnh7muundsWItmBsVpMoNPVpM61qNzAVY3pZ1glzzAxLR40UyYM23eaDDbYQ=="],

    "@esbuild/linux-riscv64": ["@esbuild/linux-riscv64@0.27.1", "", { "os": "linux", "cpu": "none" }, "sha512-7zlw8p3IApcsN7mFw0O1Z1PyEk6PlKMu18roImfl3iQHTnr/yAfYv6s4hXPidbDoI2Q0pW+5xeoM4eTCC0UdrQ=="],

    "@esbuild/linux-s390x": ["@esbuild/linux-s390x@0.27.1", "", { "os": "linux", "cpu": "s390x" }, "sha512-cGj5wli+G+nkVQdZo3+7FDKC25Uh4ZVwOAK6A06Hsvgr8WqBBuOy/1s+PUEd/6Je+vjfm6stX0kmib5b/O2Ykw=="],

    "@esbuild/linux-x64": ["@esbuild/linux-x64@0.27.1", "", { "os": "linux", "cpu": "x64" }, "sha512-z3H/HYI9MM0HTv3hQZ81f+AKb+yEoCRlUby1F80vbQ5XdzEMyY/9iNlAmhqiBKw4MJXwfgsh7ERGEOhrM1niMA=="],

    "@esbuild/netbsd-arm64": ["@esbuild/netbsd-arm64@0.27.1", "", { "os": "none", "cpu": "arm64" }, "sha512-wzC24DxAvk8Em01YmVXyjl96Mr+ecTPyOuADAvjGg+fyBpGmxmcr2E5ttf7Im8D0sXZihpxzO1isus8MdjMCXQ=="],

    "@esbuild/netbsd-x64": ["@esbuild/netbsd-x64@0.27.1", "", { "os": "none", "cpu": "x64" }, "sha512-1YQ8ybGi2yIXswu6eNzJsrYIGFpnlzEWRl6iR5gMgmsrR0FcNoV1m9k9sc3PuP5rUBLshOZylc9nqSgymI+TYg=="],

    "@esbuild/openbsd-arm64": ["@esbuild/openbsd-arm64@0.27.1", "", { "os": "openbsd", "cpu": "arm64" }, "sha512-5Z+DzLCrq5wmU7RDaMDe2DVXMRm2tTDvX2KU14JJVBN2CT/qov7XVix85QoJqHltpvAOZUAc3ndU56HSMWrv8g=="],

    "@esbuild/openbsd-x64": ["@esbuild/openbsd-x64@0.27.1", "", { "os": "openbsd", "cpu": "x64" }, "sha512-Q73ENzIdPF5jap4wqLtsfh8YbYSZ8Q0wnxplOlZUOyZy7B4ZKW8DXGWgTCZmF8VWD7Tciwv5F4NsRf6vYlZtqg=="],

    "@esbuild/openharmony-arm64": ["@esbuild/openharmony-arm64@0.27.1", "", { "os": "none", "cpu": "arm64" }, "sha512-ajbHrGM/XiK+sXM0JzEbJAen+0E+JMQZ2l4RR4VFwvV9JEERx+oxtgkpoKv1SevhjavK2z2ReHk32pjzktWbGg=="],

    "@esbuild/sunos-x64": ["@esbuild/sunos-x64@0.27.1", "", { "os": "sunos", "cpu": "x64" }, "sha512-IPUW+y4VIjuDVn+OMzHc5FV4GubIwPnsz6ubkvN8cuhEqH81NovB53IUlrlBkPMEPxvNnf79MGBoz8rZ2iW8HA=="],

    "@esbuild/win32-arm64": ["@esbuild/win32-arm64@0.27.1", "", { "os": "win32", "cpu": "arm64" }, "sha512-RIVRWiljWA6CdVu8zkWcRmGP7iRRIIwvhDKem8UMBjPql2TXM5PkDVvvrzMtj1V+WFPB4K7zkIGM7VzRtFkjdg=="],

    "@esbuild/win32-ia32": ["@esbuild/win32-ia32@0.27.1", "", { "os": "win32", "cpu": "ia32" }, "sha512-2BR5M8CPbptC1AK5JbJT1fWrHLvejwZidKx3UMSF0ecHMa+smhi16drIrCEggkgviBwLYd5nwrFLSl5Kho96RQ=="],

    "@esbuild/win32-x64": ["@esbuild/win32-x64@0.27.1", "", { "os": "win32", "cpu": "x64" }, "sha512-d5X6RMYv6taIymSk8JBP+nxv8DQAMY6A51GPgusqLdK9wBz5wWIXy1KjTck6HnjE9hqJzJRdk+1p/t5soSbCtw=="],

    "@napi-rs/wasm-runtime": ["@napi-rs/wasm-runtime@1.1.0", "", { "dependencies": { "@emnapi/core": "^1.7.1", "@emnapi/runtime": "^1.7.1", "@tybys/wasm-util": "^0.10.1" } }, "sha512-Fq6DJW+Bb5jaWE69/qOE0D1TUN9+6uWhCeZpdnSBk14pjLcCWR7Q8n49PTSPHazM37JqrsdpEthXy2xn6jWWiA=="],

    "@nodelib/fs.scandir": ["@nodelib/fs.scandir@2.1.5", "", { "dependencies": { "@nodelib/fs.stat": "2.0.5", "run-parallel": "^1.1.9" } }, "sha512-vq24Bq3ym5HEQm2NKCr3yXDwjc7vTsEThRDnkp2DK9p1uqLR+DHurm/NOTo0KG7HYHU7eppKZj3MyqYuMBf62g=="],

    "@nodelib/fs.stat": ["@nodelib/fs.stat@2.0.5", "", {}, "sha512-RkhPPp2zrqDAQA/2jNhnztcPAlv64XdhIp7a7454A5ovI7Bukxgt7MX7udwAu3zg1DcpPU0rz3VV1SeaqvY4+A=="],

    "@nodelib/fs.walk": ["@nodelib/fs.walk@1.2.8", "", { "dependencies": { "@nodelib/fs.scandir": "2.1.5", "fastq": "^1.6.0" } }, "sha512-oGB+UxlgWcgQkgwo8GcEGwemoTFt3FIO9ababBmaGwXIoBKZ+GTy0pP185beGg7Llih/NSHSV2XAs1lnznocSg=="],

    "@oxc-resolver/binding-android-arm-eabi": ["@oxc-resolver/binding-android-arm-eabi@11.15.0", "", { "os": "android", "cpu": "arm" }, "sha512-Q+lWuFfq7whNelNJIP1dhXaVz4zO9Tu77GcQHyxDWh3MaCoO2Bisphgzmsh4ZoUe2zIchQh6OvQL99GlWHg9Tw=="],

    "@oxc-resolver/binding-android-arm64": ["@oxc-resolver/binding-android-arm64@11.15.0", "", { "os": "android", "cpu": "arm64" }, "sha512-vbdBttesHR0W1oJaxgWVTboyMUuu+VnPsHXJ6jrXf4czELzB6GIg5DrmlyhAmFBhjwov+yJH/DfTnHS+2sDgOw=="],

    "@oxc-resolver/binding-darwin-arm64": ["@oxc-resolver/binding-darwin-arm64@11.15.0", "", { "os": "darwin", "cpu": "arm64" }, "sha512-R67lsOe1UzNjqVBCwCZX1rlItTsj/cVtBw4Uy19CvTicqEWvwaTn8t34zLD75LQwDDPCY3C8n7NbD+LIdw+ZoA=="],

    "@oxc-resolver/binding-darwin-x64": ["@oxc-resolver/binding-darwin-x64@11.15.0", "", { "os": "darwin", "cpu": "x64" }, "sha512-77mya5F8WV0EtCxI0MlVZcqkYlaQpfNwl/tZlfg4jRsoLpFbaTeWv75hFm6TE84WULVlJtSgvf7DhoWBxp9+ZQ=="],

    "@oxc-resolver/binding-freebsd-x64": ["@oxc-resolver/binding-freebsd-x64@11.15.0", "", { "os": "freebsd", "cpu": "x64" }, "sha512-X1Sz7m5PC+6D3KWIDXMUtux+0Imj6HfHGdBStSvgdI60OravzI1t83eyn6eN0LPTrynuPrUgjk7tOnOsBzSWHw=="],

    "@oxc-resolver/binding-linux-arm-gnueabihf": ["@oxc-resolver/binding-linux-arm-gnueabihf@11.15.0", "", { "os": "linux", "cpu": "arm" }, "sha512-L1x/wCaIRre+18I4cH/lTqSAymlV0k4HqfSYNNuI9oeL28Ks86lI6O5VfYL6sxxWYgjuWB98gNGo7tq7d4GarQ=="],

    "@oxc-resolver/binding-linux-arm-musleabihf": ["@oxc-resolver/binding-linux-arm-musleabihf@11.15.0", "", { "os": "linux", "cpu": "arm" }, "sha512-abGXd/zMGa0tH8nKlAXdOnRy4G7jZmkU0J85kMKWns161bxIgGn/j7zxqh3DKEW98wAzzU9GofZMJ0P5YCVPVw=="],

    "@oxc-resolver/binding-linux-arm64-gnu": ["@oxc-resolver/binding-linux-arm64-gnu@11.15.0", "", { "os": "linux", "cpu": "arm64" }, "sha512-SVjjjtMW66Mza76PBGJLqB0KKyFTBnxmtDXLJPbL6ZPGSctcXVmujz7/WAc0rb9m2oV0cHQTtVjnq6orQnI/jg=="],

    "@oxc-resolver/binding-linux-arm64-musl": ["@oxc-resolver/binding-linux-arm64-musl@11.15.0", "", { "os": "linux", "cpu": "arm64" }, "sha512-JDv2/AycPF2qgzEiDeMJCcSzKNDm3KxNg0KKWipoKEMDFqfM7LxNwwSVyAOGmrYlE4l3dg290hOMsr9xG7jv9g=="],

    "@oxc-resolver/binding-linux-ppc64-gnu": ["@oxc-resolver/binding-linux-ppc64-gnu@11.15.0", "", { "os": "linux", "cpu": "ppc64" }, "sha512-zbu9FhvBLW4KJxo7ElFvZWbSt4vP685Qc/Gyk/Ns3g2gR9qh2qWXouH8PWySy+Ko/qJ42+HJCLg+ZNcxikERfg=="],

    "@oxc-resolver/binding-linux-riscv64-gnu": ["@oxc-resolver/binding-linux-riscv64-gnu@11.15.0", "", { "os": "linux", "cpu": "none" }, "sha512-Kfleehe6B09C2qCnyIU01xLFqFXCHI4ylzkicfX/89j+gNHh9xyNdpEvit88Kq6i5tTGdavVnM6DQfOE2qNtlg=="],

    "@oxc-resolver/binding-linux-riscv64-musl": ["@oxc-resolver/binding-linux-riscv64-musl@11.15.0", "", { "os": "linux", "cpu": "none" }, "sha512-J7LPiEt27Tpm8P+qURDwNc8q45+n+mWgyys4/V6r5A8v5gDentHRGUx3iVk5NxdKhgoGulrzQocPTZVosq25Eg=="],

    "@oxc-resolver/binding-linux-s390x-gnu": ["@oxc-resolver/binding-linux-s390x-gnu@11.15.0", "", { "os": "linux", "cpu": "s390x" }, "sha512-+8/d2tAScPjVJNyqa7GPGnqleTB/XW9dZJQ2D/oIM3wpH3TG+DaFEXBbk4QFJ9K9AUGBhvQvWU2mQyhK/yYn3Q=="],

    "@oxc-resolver/binding-linux-x64-gnu": ["@oxc-resolver/binding-linux-x64-gnu@11.15.0", "", { "os": "linux", "cpu": "x64" }, "sha512-xtvSzH7Nr5MCZI2FKImmOdTl9kzuQ51RPyLh451tvD2qnkg3BaqI9Ox78bTk57YJhlXPuxWSOL5aZhKAc9J6qg=="],

    "@oxc-resolver/binding-linux-x64-musl": ["@oxc-resolver/binding-linux-x64-musl@11.15.0", "", { "os": "linux", "cpu": "x64" }, "sha512-14YL1zuXj06+/tqsuUZuzL0T425WA/I4nSVN1kBXeC5WHxem6lQ+2HGvG+crjeJEqHgZUT62YIgj88W+8E7eyg=="],

    "@oxc-resolver/binding-openharmony-arm64": ["@oxc-resolver/binding-openharmony-arm64@11.15.0", "", { "os": "none", "cpu": "arm64" }, "sha512-/7Qli+1Wk93coxnrQaU8ySlICYN8HsgyIrzqjgIkQEpI//9eUeaeIHZptNl2fMvBGeXa7k2QgLbRNaBRgpnvMw=="],

    "@oxc-resolver/binding-wasm32-wasi": ["@oxc-resolver/binding-wasm32-wasi@11.15.0", "", { "dependencies": { "@napi-rs/wasm-runtime": "^1.1.0" }, "cpu": "none" }, "sha512-q5rn2eIMQLuc/AVGR2rQKb2EVlgreATGG8xXg8f4XbbYCVgpxaq+dgMbiPStyNywW1MH8VU2T09UEm30UtOQvg=="],

    "@oxc-resolver/binding-win32-arm64-msvc": ["@oxc-resolver/binding-win32-arm64-msvc@11.15.0", "", { "os": "win32", "cpu": "arm64" }, "sha512-yCAh2RWjU/8wWTxQDgGPgzV9QBv0/Ojb5ej1c/58iOjyTuy/J1ZQtYi2SpULjKmwIxLJdTiCHpMilauWimE31w=="],

    "@oxc-resolver/binding-win32-ia32-msvc": ["@oxc-resolver/binding-win32-ia32-msvc@11.15.0", "", { "os": "win32", "cpu": "ia32" }, "sha512-lmXKb6lvA6M6QIbtYfgjd+AryJqExZVSY2bfECC18OPu7Lv1mHFF171Mai5l9hG3r4IhHPPIwT10EHoilSCYeA=="],

    "@oxc-resolver/binding-win32-x64-msvc": ["@oxc-resolver/binding-win32-x64-msvc@11.15.0", "", { "os": "win32", "cpu": "x64" }, "sha512-HZsfne0s/tGOcJK9ZdTGxsNU2P/dH0Shf0jqrPvsC6wX0Wk+6AyhSpHFLQCnLOuFQiHHU0ePfM8iYsoJb5hHpQ=="],

    "@tybys/wasm-util": ["@tybys/wasm-util@0.10.1", "", { "dependencies": { "tslib": "^2.4.0" } }, "sha512-9tTaPJLSiejZKx+Bmog4uSubteqTvFrVrURwkmHixBo0G4seD0zUxp98E1DzUBJxLQ3NPwXrGKDiVjwx/DpPsg=="],

    "@types/bun": ["@types/bun@1.3.3", "", { "dependencies": { "bun-types": "1.3.3" } }, "sha512-ogrKbJ2X5N0kWLLFKeytG0eHDleBYtngtlbu9cyBKFtNL3cnpDZkNdQj8flVf6WTZUX5ulI9AY1oa7ljhSrp+g=="],

    "@types/node": ["@types/node@24.10.1", "", { "dependencies": { "undici-types": "~7.16.0" } }, "sha512-GNWcUTRBgIRJD5zj+Tq0fKOJ5XZajIiBroOF0yvj2bSU1WvNdYS/dn9UxwsujGW4JX06dnHyjV2y9rRaybH0iQ=="],

    "argparse": ["argparse@2.0.1", "", {}, "sha512-8+9WqebbFzpX9OR+Wa6O29asIogeRMzcGtAINdpMHHyAg10f05aSFVBbcEqGf/PXw1EjAZ+q2/bEBg3DvurK3Q=="],

    "braces": ["braces@3.0.3", "", { "dependencies": { "fill-range": "^7.1.1" } }, "sha512-yQbXgO/OSZVD2IsiLlro+7Hf6Q18EJrKSEsdoMzKePKXct3gvD8oLcOQdIzGupr5Fj+EDe8gO/lxc1BzfMpxvA=="],

    "bun-types": ["bun-types@1.3.3", "", { "dependencies": { "@types/node": "*" } }, "sha512-z3Xwlg7j2l9JY27x5Qn3Wlyos8YAp0kKRlrePAOjgjMGS5IG6E7Jnlx736vH9UVI4wUICwwhC9anYL++XeOgTQ=="],

    "esbuild": ["esbuild@0.27.1", "", { "optionalDependencies": { "@esbuild/aix-ppc64": "0.27.1", "@esbuild/android-arm": "0.27.1", "@esbuild/android-arm64": "0.27.1", "@esbuild/android-x64": "0.27.1", "@esbuild/darwin-arm64": "0.27.1", "@esbuild/darwin-x64": "0.27.1", "@esbuild/freebsd-arm64": "0.27.1", "@esbuild/freebsd-x64": "0.27.1", "@esbuild/linux-arm": "0.27.1", "@esbuild/linux-arm64": "0.27.1", "@esbuild/linux-ia32": "0.27.1", "@esbuild/linux-loong64": "0.27.1", "@esbuild/linux-mips64el": "0.27.1", "@esbuild/linux-ppc64": "0.27.1", "@esbuild/linux-riscv64": "0.27.1", "@esbuild/linux-s390x": "0.27.1", "@esbuild/linux-x64": "0.27.1", "@esbuild/netbsd-arm64": "0.27.1", "@esbuild/netbsd-x64": "0.27.1", "@esbuild/openbsd-arm64": "0.27.1", "@esbuild/openbsd-x64": "0.27.1", "@esbuild/openharmony-arm64": "0.27.1", "@esbuild/sunos-x64": "0.27.1", "@esbuild/win32-arm64": "0.27.1", "@esbuild/win32-ia32": "0.27.1", "@esbuild/win32-x64": "0.27.1" }, "bin": { "esbuild": "bin/esbuild" } }, "sha512-yY35KZckJJuVVPXpvjgxiCuVEJT67F6zDeVTv4rizyPrfGBUpZQsvmxnN+C371c2esD/hNMjj4tpBhuueLN7aA=="],

    "fast-glob": ["fast-glob@3.3.3", "", { "dependencies": { "@nodelib/fs.stat": "^2.0.2", "@nodelib/fs.walk": "^1.2.3", "glob-parent": "^5.1.2", "merge2": "^1.3.0", "micromatch": "^4.0.8" } }, "sha512-7MptL8U0cqcFdzIzwOTHoilX9x5BrNqye7Z/LuC7kCMRio1EMSyqRK3BEAUD7sXRq4iT4AzTVuZdhgQ2TCvYLg=="],

    "fastq": ["fastq@1.19.1", "", { "dependencies": { "reusify": "^1.0.4" } }, "sha512-GwLTyxkCXjXbxqIhTsMI2Nui8huMPtnxg7krajPJAjnEG/iiOS7i+zCtWGZR9G0NBKbXKh6X9m9UIsYX/N6vvQ=="],

    "fd-package-json": ["fd-package-json@2.0.0", "", { "dependencies": { "walk-up-path": "^4.0.0" } }, "sha512-jKmm9YtsNXN789RS/0mSzOC1NUq9mkVd65vbSSVsKdjGvYXBuE4oWe2QOEoFeRmJg+lPuZxpmrfFclNhoRMneQ=="],

    "fill-range": ["fill-range@7.1.1", "", { "dependencies": { "to-regex-range": "^5.0.1" } }, "sha512-YsGpe3WHLK8ZYi4tWDg2Jy3ebRz2rXowDxnld4bkQB00cc/1Zw9AWnC0i9ztDJitivtQvaI9KaLyKrc+hBW0yg=="],

    "formatly": ["formatly@0.3.0", "", { "dependencies": { "fd-package-json": "^2.0.0" }, "bin": { "formatly": "bin/index.mjs" } }, "sha512-9XNj/o4wrRFyhSMJOvsuyMwy8aUfBaZ1VrqHVfohyXf0Sw0e+yfKG+xZaY3arGCOMdwFsqObtzVOc1gU9KiT9w=="],

    "fsevents": ["fsevents@2.3.3", "", { "os": "darwin" }, "sha512-5xoDfX+fL7faATnagmWPpbFtwh/R77WmMMqqHGS65C3vvB0YHrgF+B1YmZ3441tMj5n63k0212XNoJwzlhffQw=="],

    "get-tsconfig": ["get-tsconfig@4.11.0", "", { "dependencies": { "resolve-pkg-maps": "^1.0.0" } }, "sha512-sNsqf7XKQ38IawiVGPOoAlqZo1DMrO7TU+ZcZwi7yLl7/7S0JwmoBMKz/IkUPhSoXM0Ng3vT0yB1iCe5XavDeQ=="],

    "glob-parent": ["glob-parent@5.1.2", "", { "dependencies": { "is-glob": "^4.0.1" } }, "sha512-AOIgSQCepiJYwP3ARnGx+5VnTu2HBYdzbGP45eLw1vr3zB3vZLeyed1sC9hnbcOc9/SrMyM5RPQrkGz4aS9Zow=="],

    "is-extglob": ["is-extglob@2.1.1", "", {}, "sha512-SbKbANkN603Vi4jEZv49LeVJMn4yGwsbzZworEoyEiutsN3nJYdbO36zfhGJ6QEDpOZIFkDtnq5JRxmvl3jsoQ=="],

    "is-glob": ["is-glob@4.0.3", "", { "dependencies": { "is-extglob": "^2.1.1" } }, "sha512-xelSayHH36ZgE7ZWhli7pW34hNbNl8Ojv5KVmkJD4hBdD3th8Tfk9vYasLM+mXWOZhFkgZfxhLSnrwRr4elSSg=="],

    "is-number": ["is-number@7.0.0", "", {}, "sha512-41Cifkg6e8TylSpdtTpeLVMqvSBEVzTttHvERD741+pnZ8ANv0004MRL43QKPDlK9cGvNp6NZWZUBlbGXYxxng=="],

    "jiti": ["jiti@2.6.1", "", { "bin": { "jiti": "lib/jiti-cli.mjs" } }, "sha512-ekilCSN1jwRvIbgeg/57YFh8qQDNbwDb9xT/qu2DAHbFFZUicIl4ygVaAvzveMhMVr3LnpSKTNnwt8PoOfmKhQ=="],

    "js-yaml": ["js-yaml@4.1.1", "", { "dependencies": { "argparse": "^2.0.1" }, "bin": { "js-yaml": "bin/js-yaml.js" } }, "sha512-qQKT4zQxXl8lLwBtHMWwaTcGfFOZviOJet3Oy/xmGk2gZH677CJM9EvtfdSkgWcATZhj/55JZ0rmy3myCT5lsA=="],

    "knip": ["knip@5.71.0", "", { "dependencies": { "@nodelib/fs.walk": "^1.2.3", "fast-glob": "^3.3.3", "formatly": "^0.3.0", "jiti": "^2.6.0", "js-yaml": "^4.1.1", "minimist": "^1.2.8", "oxc-resolver": "^11.13.2", "picocolors": "^1.1.1", "picomatch": "^4.0.1", "smol-toml": "^1.5.2", "strip-json-comments": "5.0.3", "zod": "^4.1.11" }, "peerDependencies": { "@types/node": ">=18", "typescript": ">=5.0.4 <7" }, "bin": { "knip": "bin/knip.js", "knip-bun": "bin/knip-bun.js" } }, "sha512-hwgdqEJ+7DNJ5jE8BCPu7b57TY7vUwP6MzWYgCgPpg6iPCee/jKPShDNIlFER2koti4oz5xF88VJbKCb4Wl71g=="],

    "merge2": ["merge2@1.4.1", "", {}, "sha512-8q7VEgMJW4J8tcfVPy8g09NcQwZdbwFEqhe/WZkoIzjn/3TGDwtOCYtXGxA3O8tPzpczCCDgv+P2P5y00ZJOOg=="],

    "micromatch": ["micromatch@4.0.8", "", { "dependencies": { "braces": "^3.0.3", "picomatch": "^2.3.1" } }, "sha512-PXwfBhYu0hBCPw8Dn0E+WDYb7af3dSLVWKi3HGv84IdF4TyFoC0ysxFd0Goxw7nSv4T/PzEJQxsYsEiFCKo2BA=="],

    "minimist": ["minimist@1.2.8", "", {}, "sha512-2yyAR8qBkN3YuheJanUpWC5U3bb5osDywNB8RzDVlDwDHbocAJveqqj1u8+SVD7jkWT4yvsHCpWqqWqAxb0zCA=="],

    "oxc-resolver": ["oxc-resolver@11.15.0", "", { "optionalDependencies": { "@oxc-resolver/binding-android-arm-eabi": "11.15.0", "@oxc-resolver/binding-android-arm64": "11.15.0", "@oxc-resolver/binding-darwin-arm64": "11.15.0", "@oxc-resolver/binding-darwin-x64": "11.15.0", "@oxc-resolver/binding-freebsd-x64": "11.15.0", "@oxc-resolver/binding-linux-arm-gnueabihf": "11.15.0", "@oxc-resolver/binding-linux-arm-musleabihf": "11.15.0", "@oxc-resolver/binding-linux-arm64-gnu": "11.15.0", "@oxc-resolver/binding-linux-arm64-musl": "11.15.0", "@oxc-resolver/binding-linux-ppc64-gnu": "11.15.0", "@oxc-resolver/binding-linux-riscv64-gnu": "11.15.0", "@oxc-resolver/binding-linux-riscv64-musl": "11.15.0", "@oxc-resolver/binding-linux-s390x-gnu": "11.15.0", "@oxc-resolver/binding-linux-x64-gnu": "11.15.0", "@oxc-resolver/binding-linux-x64-musl": "11.15.0", "@oxc-resolver/binding-openharmony-arm64": "11.15.0", "@oxc-resolver/binding-wasm32-wasi": "11.15.0", "@oxc-resolver/binding-win32-arm64-msvc": "11.15.0", "@oxc-resolver/binding-win32-ia32-msvc": "11.15.0", "@oxc-resolver/binding-win32-x64-msvc": "11.15.0" } }, "sha512-Hk2J8QMYwmIO9XTCUiOH00+Xk2/+aBxRUnhrSlANDyCnLYc32R1WSIq1sU2yEdlqd53FfMpPEpnBYIKQMzliJw=="],

    "picocolors": ["picocolors@1.1.1", "", {}, "sha512-xceH2snhtb5M9liqDsmEw56le376mTZkEX/jEb/RxNFyegNul7eNslCXP9FDj/Lcu0X8KEyMceP2ntpaHrDEVA=="],

    "picomatch": ["picomatch@4.0.3", "", {}, "sha512-5gTmgEY/sqK6gFXLIsQNH19lWb4ebPDLA4SdLP7dsWkIXHWlG66oPuVvXSGFPppYZz8ZDZq0dYYrbHfBCVUb1Q=="],

    "queue-microtask": ["queue-microtask@1.2.3", "", {}, "sha512-NuaNSa6flKT5JaSYQzJok04JzTL1CA6aGhv5rfLW3PgqA+M2ChpZQnAC8h8i4ZFkBS8X5RqkDBHA7r4hej3K9A=="],

    "resolve-pkg-maps": ["resolve-pkg-maps@1.0.0", "", {}, "sha512-seS2Tj26TBVOC2NIc2rOe2y2ZO7efxITtLZcGSOnHHNOQ7CkiUBfw0Iw2ck6xkIhPwLhKNLS8BO+hEpngQlqzw=="],

    "reusify": ["reusify@1.1.0", "", {}, "sha512-g6QUff04oZpHs0eG5p83rFLhHeV00ug/Yf9nZM6fLeUrPguBTkTQOdpAWWspMh55TZfVQDPaN3NQJfbVRAxdIw=="],

    "run-parallel": ["run-parallel@1.2.0", "", { "dependencies": { "queue-microtask": "^1.2.2" } }, "sha512-5l4VyZR86LZ/lDxZTR6jqL8AFE2S0IFLMP26AbjsLVADxHdhB/c0GUsH+y39UfCi3dzz8OlQuPmnaJOMoDHQBA=="],

    "smol-toml": ["smol-toml@1.5.2", "", {}, "sha512-QlaZEqcAH3/RtNyet1IPIYPsEWAaYyXXv1Krsi+1L/QHppjX4Ifm8MQsBISz9vE8cHicIq3clogsheili5vhaQ=="],

    "strip-json-comments": ["strip-json-comments@5.0.3", "", {}, "sha512-1tB5mhVo7U+ETBKNf92xT4hrQa3pm0MZ0PQvuDnWgAAGHDsfp4lPSpiS6psrSiet87wyGPh9ft6wmhOMQ0hDiw=="],

    "syncpack": ["syncpack@14.0.0-alpha.32", "", { "dependencies": { "tsx": "^4.21.0" }, "optionalDependencies": { "syncpack-darwin-arm64": "14.0.0-alpha.32", "syncpack-darwin-x64": "14.0.0-alpha.32", "syncpack-linux-arm64": "14.0.0-alpha.32", "syncpack-linux-arm64-musl": "14.0.0-alpha.32", "syncpack-linux-x64": "14.0.0-alpha.32", "syncpack-linux-x64-musl": "14.0.0-alpha.32", "syncpack-windows-arm64": "14.0.0-alpha.32", "syncpack-windows-x64": "14.0.0-alpha.32" }, "bin": { "syncpack": "index.cjs" } }, "sha512-7IfA2gw8+YJRQq0wpOovC8KdYRj8+fIiS/zo7Bxl7j+078pFY3nSaqE0GzGPZq2ilwS0G+TWFQ+O/oRPLQJ3yA=="],

    "syncpack-darwin-arm64": ["syncpack-darwin-arm64@14.0.0-alpha.32", "", { "os": "darwin", "cpu": "arm64" }, "sha512-AQR4JPvtB4M0S5oGCQaJeb1sS8Kl287yTSvwLXhzLOEXN5W8BNE56nhj95WW6BXSfOe5ufC/fIJu/mn7AMSnuw=="],

    "syncpack-darwin-x64": ["syncpack-darwin-x64@14.0.0-alpha.32", "", { "os": "darwin", "cpu": "x64" }, "sha512-8bxpU0WE62GiEVMzCb4iOlp9VqZp1FbSFjWSA3OohfogKiwTusbt8lPcNgR6XwMTPeVbJQhiOQAWm3v9/HiIBw=="],

    "syncpack-linux-arm64": ["syncpack-linux-arm64@14.0.0-alpha.32", "", { "os": "linux", "cpu": "arm64" }, "sha512-GPmlGc5UCp+pGu5W5aVBAYxYUD1CWquiOq3y2b3rR2znEDLX0TzDfK1tMHZ6Bspz9G0k1tXL/bIQN94GwfaBPg=="],

    "syncpack-linux-arm64-musl": ["syncpack-linux-arm64-musl@14.0.0-alpha.32", "", { "os": "linux", "cpu": "arm64" }, "sha512-U1KK/29sOADyKh52NBaEuBMuOTD2RXqT0vImFdWlmVrjUhAyEHg8wRSlP2+NIuFkYhlnn0sILWe6wP0Nf3nAOQ=="],

    "syncpack-linux-x64": ["syncpack-linux-x64@14.0.0-alpha.32", "", { "os": "linux", "cpu": "x64" }, "sha512-uDKAiWLiY+DYpN5Q8BW0S2Vspq924qFrraYi1EG7GqokG9xWdAPF33FOdo0aIpIo1uvbUDmF9croseqekh+hCQ=="],

    "syncpack-linux-x64-musl": ["syncpack-linux-x64-musl@14.0.0-alpha.32", "", { "os": "linux", "cpu": "x64" }, "sha512-e3bGv+ZnrP1tCK/qAo1c+sppi+bdiQ+X4MbKzjYKc8EOCwowzwtqg+LEcaMsz2oiojnl53+EWT8WLrJcGK5qWg=="],

    "syncpack-windows-arm64": ["syncpack-windows-arm64@14.0.0-alpha.32", "", { "os": "win32", "cpu": "arm64" }, "sha512-yekDwlrKk5OTnGLG3BM0vMEhvptSlPLVgNxmujInVdhGtKjcY6I5VmZb7fKSIavEh1q9blWyNu1XtSIqCsINiQ=="],

    "syncpack-windows-x64": ["syncpack-windows-x64@14.0.0-alpha.32", "", { "os": "win32", "cpu": "x64" }, "sha512-gn2H4xbid7YnLu+LuCu8G1SSGk3ifG9/BMVw77J+cMProKnsO/uJoNLj7Q/9THZABRBjW+kE12G0p2TQ83bp/w=="],

    "to-regex-range": ["to-regex-range@5.0.1", "", { "dependencies": { "is-number": "^7.0.0" } }, "sha512-65P7iz6X5yEr1cwcgvQxbbIw7Uk3gOy5dIdtZ4rDveLqhrdJP+Li/Hx6tyK0NEb+2GCyneCMJiGqrADCSNk8sQ=="],

    "tslib": ["tslib@2.8.1", "", {}, "sha512-oJFu94HQb+KVduSUQL7wnpmqnfmLsOA/nAh6b6EH0wCEoK0/mPeXU6c3wKDV83MkOuHPRHtSXKKU99IBazS/2w=="],

    "tsx": ["tsx@4.21.0", "", { "dependencies": { "esbuild": "~0.27.0", "get-tsconfig": "^4.7.5" }, "optionalDependencies": { "fsevents": "~2.3.3" }, "bin": { "tsx": "dist/cli.mjs" } }, "sha512-5C1sg4USs1lfG0GFb2RLXsdpXqBSEhAaA/0kPL01wxzpMqLILNxIxIOKiILz+cdg/pLnOUxFYOR5yhHU666wbw=="],

    "typescript": ["typescript@5.9.3", "", { "bin": { "tsc": "bin/tsc", "tsserver": "bin/tsserver" } }, "sha512-jl1vZzPDinLr9eUt3J/t7V6FgNEw9QjvBPdysz9KfQDD41fQrC2Y4vKQdiaUpFT4bXlb1RHhLpp8wtm6M5TgSw=="],

    "undici-types": ["undici-types@7.16.0", "", {}, "sha512-Zz+aZWSj8LE6zoxD+xrjh4VfkIG8Ya6LvYkZqtUQGJPZjYl53ypCaUwWqo7eI0x66KBGeRo+mlBEkMSeSZ38Nw=="],

    "walk-up-path": ["walk-up-path@4.0.0", "", {}, "sha512-3hu+tD8YzSLGuFYtPRb48vdhKMi0KQV5sn+uWr8+7dMEq/2G/dtLrdDinkLjqq5TIbIBjYJ4Ax/n3YiaW7QM8A=="],

    "zod": ["zod@4.1.12", "", {}, "sha512-JInaHOamG8pt5+Ey8kGmdcAcg3OL9reK8ltczgHTAwNhMys/6ThXHityHxVV2p3fkw/c+MAvBHFVYHFZDmjMCQ=="],

    "micromatch/picomatch": ["picomatch@2.3.1", "", {}, "sha512-JU3teHTNjmE2VCGFzuY8EXzCDVwEqB2a8fsIvwaStHhAWJEeVd1o1QD80CU6+ZdEXXSLbSsuLwJjkCBWqRQUVA=="],
  }
}
